{
  "name": "server",
  "version": "1.0.0",
  "lockfileVersion": 1,
  "requires": true,
  "dependencies": {
    "mime": {
      "version": "2.5.2",
      "resolved": "https://registry.npmjs.org/mime/-/mime-2.5.2.tgz",
      "integrity": "sha512-tqkh47FzKeCPD2PUiPB6pkbMzsCasjxAfC62/Wap5qrUWcb+sFasXUC5I3gYM5iBM8v/Qpn4UK0x+j0iHyFPDg=="
    },
    "python-shell": {
      "version": "3.0.0",
      "resolved": "https://registry.npmjs.org/python-shell/-/python-shell-3.0.0.tgz",
      "integrity": "sha512-vlIkpJBwkhtG8d2rBbPEweg+3UXdkoduRZ0jLbIX3efYutBjTdmdmMrEQCQy9tkabH36yUjOhwTPFkH3BvoYZQ=="
    }
  }
}
